// !$*UTF8*$!
{
	archiveVersion = 1;
	classes = {
	};
	objectVersion = 56;
	objects = {

/* Begin PBXBuildFile section */
		640215382C1A5A32001D1E84 /* AppDelegate.swift in Sources */ = {isa = PBXBuildFile; fileRef = 640215372C1A5A32001D1E84 /* AppDelegate.swift */; };
		6402153A2C1A5A32001D1E84 /* SceneDelegate.swift in Sources */ = {isa = PBXBuildFile; fileRef = 640215392C1A5A32001D1E84 /* SceneDelegate.swift */; };
		6402153C2C1A5A32001D1E84 /* StartViewController.swift in Sources */ = {isa = PBXBuildFile; fileRef = 6402153B2C1A5A32001D1E84 /* StartViewController.swift */; };
		640215412C1A5A34001D1E84 /* Assets.xcassets in Resources */ = {isa = PBXBuildFile; fileRef = 640215402C1A5A34001D1E84 /* Assets.xcassets */; };
		640215442C1A5A34001D1E84 /* Base in Resources */ = {isa = PBXBuildFile; fileRef = 640215432C1A5A34001D1E84 /* Base */; };
		640215522C1A5C96001D1E84 /* music.mp3 in Resources */ = {isa = PBXBuildFile; fileRef = 640215512C1A5C96001D1E84 /* music.mp3 */; };
		640215572C1A5D3A001D1E84 /* CustomButtonFactory.swift in Sources */ = {isa = PBXBuildFile; fileRef = 640215532C1A5D3A001D1E84 /* CustomButtonFactory.swift */; };
		640215582C1A5D3A001D1E84 /* CustomLabelFactory.swift in Sources */ = {isa = PBXBuildFile; fileRef = 640215542C1A5D3A001D1E84 /* CustomLabelFactory.swift */; };
		640215592C1A5D3A001D1E84 /* CustomProgressViewFactory.swift in Sources */ = {isa = PBXBuildFile; fileRef = 640215552C1A5D3A001D1E84 /* CustomProgressViewFactory.swift */; };
		6402155A2C1A5D3A001D1E84 /* RoundedButtonFactory.swift in Sources */ = {isa = PBXBuildFile; fileRef = 640215562C1A5D3A001D1E84 /* RoundedButtonFactory.swift */; };
		6402155D2C1A5D55001D1E84 /* ResultViewController.swift in Sources */ = {isa = PBXBuildFile; fileRef = 6402155B2C1A5D55001D1E84 /* ResultViewController.swift */; };
		6402155E2C1A5D55001D1E84 /* RoundViewController.swift in Sources */ = {isa = PBXBuildFile; fileRef = 6402155C2C1A5D55001D1E84 /* RoundViewController.swift */; };
		640215652C1A5EA0001D1E84 /* Player.swift in Sources */ = {isa = PBXBuildFile; fileRef = 640215642C1A5EA0001D1E84 /* Player.swift */; };
		640215672C1A63C7001D1E84 /* SplashViewController.swift in Sources */ = {isa = PBXBuildFile; fileRef = 640215662C1A63C7001D1E84 /* SplashViewController.swift */; };
		640215692C1A63DD001D1E84 /* RulesViewController.swift in Sources */ = {isa = PBXBuildFile; fileRef = 640215682C1A63DD001D1E84 /* RulesViewController.swift */; };
		6402156B2C1A63F1001D1E84 /* LoadViewController.swift in Sources */ = {isa = PBXBuildFile; fileRef = 6402156A2C1A63F1001D1E84 /* LoadViewController.swift */; };
		6402156E2C1B1784001D1E84 /* DataStore.swift in Sources */ = {isa = PBXBuildFile; fileRef = 6402156D2C1B1784001D1E84 /* DataStore.swift */; };
		649366322C1BAC0900EAEFF2 /* SnapKit in Frameworks */ = {isa = PBXBuildFile; productRef = 649366312C1BAC0900EAEFF2 /* SnapKit */; };
		649366342C1BAC0A00EAEFF2 /* SnapKit-Dynamic in Frameworks */ = {isa = PBXBuildFile; productRef = 649366332C1BAC0A00EAEFF2 /* SnapKit-Dynamic */; };
/* End PBXBuildFile section */

/* Begin PBXFileReference section */
		640215342C1A5A32001D1E84 /* EPIC RPC.app */ = {isa = PBXFileReference; explicitFileType = wrapper.application; includeInIndex = 0; path = "EPIC RPC.app"; sourceTree = BUILT_PRODUCTS_DIR; };
		640215372C1A5A32001D1E84 /* AppDelegate.swift */ = {isa = PBXFileReference; lastKnownFileType = sourcecode.swift; path = AppDelegate.swift; sourceTree = "<group>"; };
		640215392C1A5A32001D1E84 /* SceneDelegate.swift */ = {isa = PBXFileReference; lastKnownFileType = sourcecode.swift; path = SceneDelegate.swift; sourceTree = "<group>"; };
		6402153B2C1A5A32001D1E84 /* StartViewController.swift */ = {isa = PBXFileReference; lastKnownFileType = sourcecode.swift; path = StartViewController.swift; sourceTree = "<group>"; };
		640215402C1A5A34001D1E84 /* Assets.xcassets */ = {isa = PBXFileReference; lastKnownFileType = folder.assetcatalog; path = Assets.xcassets; sourceTree = "<group>"; };
		640215432C1A5A34001D1E84 /* Base */ = {isa = PBXFileReference; lastKnownFileType = file.storyboard; name = Base; path = Base.lproj/LaunchScreen.storyboard; sourceTree = "<group>"; };
		640215452C1A5A34001D1E84 /* Info.plist */ = {isa = PBXFileReference; lastKnownFileType = text.plist.xml; path = Info.plist; sourceTree = "<group>"; };
		640215512C1A5C96001D1E84 /* music.mp3 */ = {isa = PBXFileReference; lastKnownFileType = audio.mp3; path = music.mp3; sourceTree = "<group>"; };
		640215532C1A5D3A001D1E84 /* CustomButtonFactory.swift */ = {isa = PBXFileReference; fileEncoding = 4; lastKnownFileType = sourcecode.swift; path = CustomButtonFactory.swift; sourceTree = "<group>"; };
		640215542C1A5D3A001D1E84 /* CustomLabelFactory.swift */ = {isa = PBXFileReference; fileEncoding = 4; lastKnownFileType = sourcecode.swift; path = CustomLabelFactory.swift; sourceTree = "<group>"; };
		640215552C1A5D3A001D1E84 /* CustomProgressViewFactory.swift */ = {isa = PBXFileReference; fileEncoding = 4; lastKnownFileType = sourcecode.swift; path = CustomProgressViewFactory.swift; sourceTree = "<group>"; };
		640215562C1A5D3A001D1E84 /* RoundedButtonFactory.swift */ = {isa = PBXFileReference; fileEncoding = 4; lastKnownFileType = sourcecode.swift; path = RoundedButtonFactory.swift; sourceTree = "<group>"; };
		6402155B2C1A5D55001D1E84 /* ResultViewController.swift */ = {isa = PBXFileReference; fileEncoding = 4; lastKnownFileType = sourcecode.swift; path = ResultViewController.swift; sourceTree = "<group>"; };
		6402155C2C1A5D55001D1E84 /* RoundViewController.swift */ = {isa = PBXFileReference; fileEncoding = 4; lastKnownFileType = sourcecode.swift; path = RoundViewController.swift; sourceTree = "<group>"; };
		640215642C1A5EA0001D1E84 /* Player.swift */ = {isa = PBXFileReference; fileEncoding = 4; lastKnownFileType = sourcecode.swift; path = Player.swift; sourceTree = "<group>"; };
		640215662C1A63C7001D1E84 /* SplashViewController.swift */ = {isa = PBXFileReference; lastKnownFileType = sourcecode.swift; path = SplashViewController.swift; sourceTree = "<group>"; };
		640215682C1A63DD001D1E84 /* RulesViewController.swift */ = {isa = PBXFileReference; lastKnownFileType = sourcecode.swift; path = RulesViewController.swift; sourceTree = "<group>"; };
		6402156A2C1A63F1001D1E84 /* LoadViewController.swift */ = {isa = PBXFileReference; lastKnownFileType = sourcecode.swift; path = LoadViewController.swift; sourceTree = "<group>"; };
		6402156D2C1B1784001D1E84 /* DataStore.swift */ = {isa = PBXFileReference; lastKnownFileType = sourcecode.swift; path = DataStore.swift; sourceTree = "<group>"; };
/* End PBXFileReference section */

/* Begin PBXFrameworksBuildPhase section */
		640215312C1A5A32001D1E84 /* Frameworks */ = {
			isa = PBXFrameworksBuildPhase;
			buildActionMask = 2147483647;
			files = (
				649366322C1BAC0900EAEFF2 /* SnapKit in Frameworks */,
				649366342C1BAC0A00EAEFF2 /* SnapKit-Dynamic in Frameworks */,
			);
			runOnlyForDeploymentPostprocessing = 0;
		};
/* End PBXFrameworksBuildPhase section */

/* Begin PBXGroup section */
		6402152B2C1A5A32001D1E84 = {
			isa = PBXGroup;
			children = (
				640215362C1A5A32001D1E84 /* EPIC RPC */,
				640215352C1A5A32001D1E84 /* Products */,
			);
			sourceTree = "<group>";
		};
		640215352C1A5A32001D1E84 /* Products */ = {
			isa = PBXGroup;
			children = (
				640215342C1A5A32001D1E84 /* EPIC RPC.app */,
			);
			name = Products;
			sourceTree = "<group>";
		};
		640215362C1A5A32001D1E84 /* EPIC RPC */ = {
			isa = PBXGroup;
			children = (
				6402154E2C1A5A8C001D1E84 /* App */,
				6402154F2C1A5C36001D1E84 /* Factories */,
				6402154C2C1A5A6E001D1E84 /* ViewControllers */,
				6402154B2C1A5A61001D1E84 /* Models */,
				6402156C2C1B175F001D1E84 /* Services */,
				6402154D2C1A5A7E001D1E84 /* Storyboards */,
				640215502C1A5C78001D1E84 /* Resources */,
			);
			path = "EPIC RPC";
			sourceTree = "<group>";
		};
		6402154B2C1A5A61001D1E84 /* Models */ = {
			isa = PBXGroup;
			children = (
				640215642C1A5EA0001D1E84 /* Player.swift */,
			);
			path = Models;
			sourceTree = "<group>";
		};
		6402154C2C1A5A6E001D1E84 /* ViewControllers */ = {
			isa = PBXGroup;
			children = (
				6402153B2C1A5A32001D1E84 /* StartViewController.swift */,
				6402155B2C1A5D55001D1E84 /* ResultViewController.swift */,
				6402155C2C1A5D55001D1E84 /* RoundViewController.swift */,
				640215662C1A63C7001D1E84 /* SplashViewController.swift */,
				640215682C1A63DD001D1E84 /* RulesViewController.swift */,
				6402156A2C1A63F1001D1E84 /* LoadViewController.swift */,
			);
			path = ViewControllers;
			sourceTree = "<group>";
		};
		6402154D2C1A5A7E001D1E84 /* Storyboards */ = {
			isa = PBXGroup;
			children = (
				640215422C1A5A34001D1E84 /* LaunchScreen.storyboard */,
			);
			path = Storyboards;
			sourceTree = "<group>";
		};
		6402154E2C1A5A8C001D1E84 /* App */ = {
			isa = PBXGroup;
			children = (
				640215372C1A5A32001D1E84 /* AppDelegate.swift */,
				640215392C1A5A32001D1E84 /* SceneDelegate.swift */,
				640215452C1A5A34001D1E84 /* Info.plist */,
			);
			path = App;
			sourceTree = "<group>";
		};
		6402154F2C1A5C36001D1E84 /* Factories */ = {
			isa = PBXGroup;
			children = (
				640215532C1A5D3A001D1E84 /* CustomButtonFactory.swift */,
				640215542C1A5D3A001D1E84 /* CustomLabelFactory.swift */,
				640215552C1A5D3A001D1E84 /* CustomProgressViewFactory.swift */,
				640215562C1A5D3A001D1E84 /* RoundedButtonFactory.swift */,
			);
			path = Factories;
			sourceTree = "<group>";
		};
		640215502C1A5C78001D1E84 /* Resources */ = {
			isa = PBXGroup;
			children = (
				640215402C1A5A34001D1E84 /* Assets.xcassets */,
				640215512C1A5C96001D1E84 /* music.mp3 */,
			);
			path = Resources;
			sourceTree = "<group>";
		};
		6402156C2C1B175F001D1E84 /* Services */ = {
			isa = PBXGroup;
			children = (
				6402156D2C1B1784001D1E84 /* DataStore.swift */,
			);
			path = Services;
			sourceTree = "<group>";
		};
/* End PBXGroup section */

/* Begin PBXNativeTarget section */
		640215332C1A5A32001D1E84 /* EPIC RPC */ = {
			isa = PBXNativeTarget;
			buildConfigurationList = 640215482C1A5A34001D1E84 /* Build configuration list for PBXNativeTarget "EPIC RPC" */;
			buildPhases = (
				640215302C1A5A32001D1E84 /* Sources */,
				640215312C1A5A32001D1E84 /* Frameworks */,
				640215322C1A5A32001D1E84 /* Resources */,
			);
			buildRules = (
			);
			dependencies = (
			);
			name = "EPIC RPC";
			packageProductDependencies = (
				649366312C1BAC0900EAEFF2 /* SnapKit */,
				649366332C1BAC0A00EAEFF2 /* SnapKit-Dynamic */,
			);
			productName = "EPIC RPC";
			productReference = 640215342C1A5A32001D1E84 /* EPIC RPC.app */;
			productType = "com.apple.product-type.application";
		};
/* End PBXNativeTarget section */

/* Begin PBXProject section */
		6402152C2C1A5A32001D1E84 /* Project object */ = {
			isa = PBXProject;
			attributes = {
				BuildIndependentTargetsInParallel = 1;
				LastSwiftUpdateCheck = 1530;
				LastUpgradeCheck = 1530;
				TargetAttributes = {
					640215332C1A5A32001D1E84 = {
						CreatedOnToolsVersion = 15.3;
					};
				};
			};
			buildConfigurationList = 6402152F2C1A5A32001D1E84 /* Build configuration list for PBXProject "EPIC RPC" */;
			compatibilityVersion = "Xcode 14.0";
			developmentRegion = en;
			hasScannedForEncodings = 0;
			knownRegions = (
				en,
				Base,
			);
			mainGroup = 6402152B2C1A5A32001D1E84;
			packageReferences = (
				0A105EF32C1B21BB00CE398F /* XCRemoteSwiftPackageReference "SnapKit" */,
			);
			productRefGroup = 640215352C1A5A32001D1E84 /* Products */;
			projectDirPath = "";
			projectRoot = "";
			targets = (
				640215332C1A5A32001D1E84 /* EPIC RPC */,
			);
		};
/* End PBXProject section */

/* Begin PBXResourcesBuildPhase section */
		640215322C1A5A32001D1E84 /* Resources */ = {
			isa = PBXResourcesBuildPhase;
			buildActionMask = 2147483647;
			files = (
				640215412C1A5A34001D1E84 /* Assets.xcassets in Resources */,
				640215442C1A5A34001D1E84 /* Base in Resources */,
				640215522C1A5C96001D1E84 /* music.mp3 in Resources */,
			);
			runOnlyForDeploymentPostprocessing = 0;
		};
/* End PBXResourcesBuildPhase section */

/* Begin PBXSourcesBuildPhase section */
		640215302C1A5A32001D1E84 /* Sources */ = {
			isa = PBXSourcesBuildPhase;
			buildActionMask = 2147483647;
			files = (
				640215582C1A5D3A001D1E84 /* CustomLabelFactory.swift in Sources */,
				6402153C2C1A5A32001D1E84 /* StartViewController.swift in Sources */,
				6402155A2C1A5D3A001D1E84 /* RoundedButtonFactory.swift in Sources */,
				6402155D2C1A5D55001D1E84 /* ResultViewController.swift in Sources */,
				6402156B2C1A63F1001D1E84 /* LoadViewController.swift in Sources */,
				640215382C1A5A32001D1E84 /* AppDelegate.swift in Sources */,
				640215592C1A5D3A001D1E84 /* CustomProgressViewFactory.swift in Sources */,
				6402156E2C1B1784001D1E84 /* DataStore.swift in Sources */,
				6402153A2C1A5A32001D1E84 /* SceneDelegate.swift in Sources */,
				640215572C1A5D3A001D1E84 /* CustomButtonFactory.swift in Sources */,
				640215652C1A5EA0001D1E84 /* Player.swift in Sources */,
				6402155E2C1A5D55001D1E84 /* RoundViewController.swift in Sources */,
				640215692C1A63DD001D1E84 /* RulesViewController.swift in Sources */,
				640215672C1A63C7001D1E84 /* SplashViewController.swift in Sources */,
			);
			runOnlyForDeploymentPostprocessing = 0;
		};
/* End PBXSourcesBuildPhase section */

/* Begin PBXVariantGroup section */
		640215422C1A5A34001D1E84 /* LaunchScreen.storyboard */ = {
			isa = PBXVariantGroup;
			children = (
				640215432C1A5A34001D1E84 /* Base */,
			);
			name = LaunchScreen.storyboard;
			sourceTree = "<group>";
		};
/* End PBXVariantGroup section */

/* Begin XCBuildConfiguration section */
		640215462C1A5A34001D1E84 /* Debug */ = {
			isa = XCBuildConfiguration;
			buildSettings = {
				ALWAYS_SEARCH_USER_PATHS = NO;
				ASSETCATALOG_COMPILER_GENERATE_SWIFT_ASSET_SYMBOL_EXTENSIONS = YES;
				CLANG_ANALYZER_NONNULL = YES;
				CLANG_ANALYZER_NUMBER_OBJECT_CONVERSION = YES_AGGRESSIVE;
				CLANG_CXX_LANGUAGE_STANDARD = "gnu++20";
				CLANG_ENABLE_MODULES = YES;
				CLANG_ENABLE_OBJC_ARC = YES;
				CLANG_ENABLE_OBJC_WEAK = YES;
				CLANG_WARN_BLOCK_CAPTURE_AUTORELEASING = YES;
				CLANG_WARN_BOOL_CONVERSION = YES;
				CLANG_WARN_COMMA = YES;
				CLANG_WARN_CONSTANT_CONVERSION = YES;
				CLANG_WARN_DEPRECATED_OBJC_IMPLEMENTATIONS = YES;
				CLANG_WARN_DIRECT_OBJC_ISA_USAGE = YES_ERROR;
				CLANG_WARN_DOCUMENTATION_COMMENTS = YES;
				CLANG_WARN_EMPTY_BODY = YES;
				CLANG_WARN_ENUM_CONVERSION = YES;
				CLANG_WARN_INFINITE_RECURSION = YES;
				CLANG_WARN_INT_CONVERSION = YES;
				CLANG_WARN_NON_LITERAL_NULL_CONVERSION = YES;
				CLANG_WARN_OBJC_IMPLICIT_RETAIN_SELF = YES;
				CLANG_WARN_OBJC_LITERAL_CONVERSION = YES;
				CLANG_WARN_OBJC_ROOT_CLASS = YES_ERROR;
				CLANG_WARN_QUOTED_INCLUDE_IN_FRAMEWORK_HEADER = YES;
				CLANG_WARN_RANGE_LOOP_ANALYSIS = YES;
				CLANG_WARN_STRICT_PROTOTYPES = YES;
				CLANG_WARN_SUSPICIOUS_MOVE = YES;
				CLANG_WARN_UNGUARDED_AVAILABILITY = YES_AGGRESSIVE;
				CLANG_WARN_UNREACHABLE_CODE = YES;
				CLANG_WARN__DUPLICATE_METHOD_MATCH = YES;
				COPY_PHASE_STRIP = NO;
				DEBUG_INFORMATION_FORMAT = dwarf;
				ENABLE_STRICT_OBJC_MSGSEND = YES;
				ENABLE_TESTABILITY = YES;
				ENABLE_USER_SCRIPT_SANDBOXING = YES;
				GCC_C_LANGUAGE_STANDARD = gnu17;
				GCC_DYNAMIC_NO_PIC = NO;
				GCC_NO_COMMON_BLOCKS = YES;
				GCC_OPTIMIZATION_LEVEL = 0;
				GCC_PREPROCESSOR_DEFINITIONS = (
					"DEBUG=1",
					"$(inherited)",
				);
				GCC_WARN_64_TO_32_BIT_CONVERSION = YES;
				GCC_WARN_ABOUT_RETURN_TYPE = YES_ERROR;
				GCC_WARN_UNDECLARED_SELECTOR = YES;
				GCC_WARN_UNINITIALIZED_AUTOS = YES_AGGRESSIVE;
				GCC_WARN_UNUSED_FUNCTION = YES;
				GCC_WARN_UNUSED_VARIABLE = YES;
				IPHONEOS_DEPLOYMENT_TARGET = 17.4;
				LOCALIZATION_PREFERS_STRING_CATALOGS = YES;
				MTL_ENABLE_DEBUG_INFO = INCLUDE_SOURCE;
				MTL_FAST_MATH = YES;
				ONLY_ACTIVE_ARCH = YES;
				SDKROOT = iphoneos;
				SWIFT_ACTIVE_COMPILATION_CONDITIONS = "DEBUG $(inherited)";
				SWIFT_OPTIMIZATION_LEVEL = "-Onone";
			};
			name = Debug;
		};
		640215472C1A5A34001D1E84 /* Release */ = {
			isa = XCBuildConfiguration;
			buildSettings = {
				ALWAYS_SEARCH_USER_PATHS = NO;
				ASSETCATALOG_COMPILER_GENERATE_SWIFT_ASSET_SYMBOL_EXTENSIONS = YES;
				CLANG_ANALYZER_NONNULL = YES;
				CLANG_ANALYZER_NUMBER_OBJECT_CONVERSION = YES_AGGRESSIVE;
				CLANG_CXX_LANGUAGE_STANDARD = "gnu++20";
				CLANG_ENABLE_MODULES = YES;
				CLANG_ENABLE_OBJC_ARC = YES;
				CLANG_ENABLE_OBJC_WEAK = YES;
				CLANG_WARN_BLOCK_CAPTURE_AUTORELEASING = YES;
				CLANG_WARN_BOOL_CONVERSION = YES;
				CLANG_WARN_COMMA = YES;
				CLANG_WARN_CONSTANT_CONVERSION = YES;
				CLANG_WARN_DEPRECATED_OBJC_IMPLEMENTATIONS = YES;
				CLANG_WARN_DIRECT_OBJC_ISA_USAGE = YES_ERROR;
				CLANG_WARN_DOCUMENTATION_COMMENTS = YES;
				CLANG_WARN_EMPTY_BODY = YES;
				CLANG_WARN_ENUM_CONVERSION = YES;
				CLANG_WARN_INFINITE_RECURSION = YES;
				CLANG_WARN_INT_CONVERSION = YES;
				CLANG_WARN_NON_LITERAL_NULL_CONVERSION = YES;
				CLANG_WARN_OBJC_IMPLICIT_RETAIN_SELF = YES;
				CLANG_WARN_OBJC_LITERAL_CONVERSION = YES;
				CLANG_WARN_OBJC_ROOT_CLASS = YES_ERROR;
				CLANG_WARN_QUOTED_INCLUDE_IN_FRAMEWORK_HEADER = YES;
				CLANG_WARN_RANGE_LOOP_ANALYSIS = YES;
				CLANG_WARN_STRICT_PROTOTYPES = YES;
				CLANG_WARN_SUSPICIOUS_MOVE = YES;
				CLANG_WARN_UNGUARDED_AVAILABILITY = YES_AGGRESSIVE;
				CLANG_WARN_UNREACHABLE_CODE = YES;
				CLANG_WARN__DUPLICATE_METHOD_MATCH = YES;
				COPY_PHASE_STRIP = NO;
				DEBUG_INFORMATION_FORMAT = "dwarf-with-dsym";
				ENABLE_NS_ASSERTIONS = NO;
				ENABLE_STRICT_OBJC_MSGSEND = YES;
				ENABLE_USER_SCRIPT_SANDBOXING = YES;
				GCC_C_LANGUAGE_STANDARD = gnu17;
				GCC_NO_COMMON_BLOCKS = YES;
				GCC_WARN_64_TO_32_BIT_CONVERSION = YES;
				GCC_WARN_ABOUT_RETURN_TYPE = YES_ERROR;
				GCC_WARN_UNDECLARED_SELECTOR = YES;
				GCC_WARN_UNINITIALIZED_AUTOS = YES_AGGRESSIVE;
				GCC_WARN_UNUSED_FUNCTION = YES;
				GCC_WARN_UNUSED_VARIABLE = YES;
				IPHONEOS_DEPLOYMENT_TARGET = 17.4;
				LOCALIZATION_PREFERS_STRING_CATALOGS = YES;
				MTL_ENABLE_DEBUG_INFO = NO;
				MTL_FAST_MATH = YES;
				SDKROOT = iphoneos;
				SWIFT_COMPILATION_MODE = wholemodule;
				VALIDATE_PRODUCT = YES;
			};
			name = Release;
		};
		640215492C1A5A34001D1E84 /* Debug */ = {
			isa = XCBuildConfiguration;
			buildSettings = {
				ASSETCATALOG_COMPILER_APPICON_NAME = AppIcon;
				ASSETCATALOG_COMPILER_GLOBAL_ACCENT_COLOR_NAME = AccentColor;
				CODE_SIGN_STYLE = Automatic;
				CURRENT_PROJECT_VERSION = 1;
				GENERATE_INFOPLIST_FILE = YES;
				INFOPLIST_FILE = "EPIC RPC/App/Info.plist";
				INFOPLIST_KEY_UIApplicationSupportsIndirectInputEvents = YES;
				INFOPLIST_KEY_UILaunchStoryboardName = LaunchScreen;
				INFOPLIST_KEY_UISupportedInterfaceOrientations = UIInterfaceOrientationPortrait;
				INFOPLIST_KEY_UISupportedInterfaceOrientations_iPad = "UIInterfaceOrientationLandscapeLeft UIInterfaceOrientationLandscapeRight UIInterfaceOrientationPortrait UIInterfaceOrientationPortraitUpsideDown";
				IPHONEOS_DEPLOYMENT_TARGET = 17.0;
				LD_RUNPATH_SEARCH_PATHS = (
					"$(inherited)",
					"@executable_path/Frameworks",
				);
				MARKETING_VERSION = 1.0;
				PRODUCT_BUNDLE_IDENTIFIER = "swift.EPIC-RPC";
				PRODUCT_NAME = "$(TARGET_NAME)";
				SUPPORTED_PLATFORMS = "iphoneos iphonesimulator";
				SUPPORTS_MACCATALYST = NO;
				SUPPORTS_MAC_DESIGNED_FOR_IPHONE_IPAD = NO;
				SUPPORTS_XR_DESIGNED_FOR_IPHONE_IPAD = NO;
				SWIFT_EMIT_LOC_STRINGS = YES;
				SWIFT_VERSION = 5.0;
				TARGETED_DEVICE_FAMILY = 1;
			};
			name = Debug;
		};
		6402154A2C1A5A34001D1E84 /* Release */ = {
			isa = XCBuildConfiguration;
			buildSettings = {
				ASSETCATALOG_COMPILER_APPICON_NAME = AppIcon;
				ASSETCATALOG_COMPILER_GLOBAL_ACCENT_COLOR_NAME = AccentColor;
				CODE_SIGN_STYLE = Automatic;
				CURRENT_PROJECT_VERSION = 1;
				GENERATE_INFOPLIST_FILE = YES;
				INFOPLIST_FILE = "EPIC RPC/App/Info.plist";
				INFOPLIST_KEY_UIApplicationSupportsIndirectInputEvents = YES;
				INFOPLIST_KEY_UILaunchStoryboardName = LaunchScreen;
				INFOPLIST_KEY_UISupportedInterfaceOrientations = UIInterfaceOrientationPortrait;
				INFOPLIST_KEY_UISupportedInterfaceOrientations_iPad = "UIInterfaceOrientationLandscapeLeft UIInterfaceOrientationLandscapeRight UIInterfaceOrientationPortrait UIInterfaceOrientationPortraitUpsideDown";
				IPHONEOS_DEPLOYMENT_TARGET = 17.0;
				LD_RUNPATH_SEARCH_PATHS = (
					"$(inherited)",
					"@executable_path/Frameworks",
				);
				MARKETING_VERSION = 1.0;
				PRODUCT_BUNDLE_IDENTIFIER = "swift.EPIC-RPC";
				PRODUCT_NAME = "$(TARGET_NAME)";
				SUPPORTED_PLATFORMS = "iphoneos iphonesimulator";
				SUPPORTS_MACCATALYST = NO;
				SUPPORTS_MAC_DESIGNED_FOR_IPHONE_IPAD = NO;
				SUPPORTS_XR_DESIGNED_FOR_IPHONE_IPAD = NO;
				SWIFT_EMIT_LOC_STRINGS = YES;
				SWIFT_VERSION = 5.0;
				TARGETED_DEVICE_FAMILY = 1;
			};
			name = Release;
		};
/* End XCBuildConfiguration section */

/* Begin XCConfigurationList section */
		6402152F2C1A5A32001D1E84 /* Build configuration list for PBXProject "EPIC RPC" */ = {
			isa = XCConfigurationList;
			buildConfigurations = (
				640215462C1A5A34001D1E84 /* Debug */,
				640215472C1A5A34001D1E84 /* Release */,
			);
			defaultConfigurationIsVisible = 0;
			defaultConfigurationName = Release;
		};
		640215482C1A5A34001D1E84 /* Build configuration list for PBXNativeTarget "EPIC RPC" */ = {
			isa = XCConfigurationList;
			buildConfigurations = (
				640215492C1A5A34001D1E84 /* Debug */,
				6402154A2C1A5A34001D1E84 /* Release */,
			);
			defaultConfigurationIsVisible = 0;
			defaultConfigurationName = Release;
		};
/* End XCConfigurationList section */

/* Begin XCRemoteSwiftPackageReference section */
		0A105EF32C1B21BB00CE398F /* XCRemoteSwiftPackageReference "SnapKit" */ = {
			isa = XCRemoteSwiftPackageReference;
			repositoryURL = "https://github.com/SnapKit/SnapKit.git";
			requirement = {
				kind = upToNextMajorVersion;
				minimumVersion = 5.7.1;
			};
		};
/* End XCRemoteSwiftPackageReference section */

/* Begin XCSwiftPackageProductDependency section */
		649366312C1BAC0900EAEFF2 /* SnapKit */ = {
			isa = XCSwiftPackageProductDependency;
			package = 0A105EF32C1B21BB00CE398F /* XCRemoteSwiftPackageReference "SnapKit" */;
			productName = SnapKit;
		};
		649366332C1BAC0A00EAEFF2 /* SnapKit-Dynamic */ = {
			isa = XCSwiftPackageProductDependency;
			package = 0A105EF32C1B21BB00CE398F /* XCRemoteSwiftPackageReference "SnapKit" */;
			productName = "SnapKit-Dynamic";
		};
/* End XCSwiftPackageProductDependency section */
	};
	rootObject = 6402152C2C1A5A32001D1E84 /* Project object */;
}
